# This file is generated by running "yarn install" inside your project.
# Manual changes might be lost - proceed with caution!

__metadata:
  version: 8
  cacheKey: 10c0

"@cspotcode/source-map-support@npm:^0.8.0":
  version: 0.8.1
  resolution: "@cspotcode/source-map-support@npm:0.8.1"
  dependencies:
    "@jridgewell/trace-mapping": "npm:0.3.9"
  checksum: 10c0/05c5368c13b662ee4c122c7bfbe5dc0b613416672a829f3e78bc49a357a197e0218d6e74e7c66cfcd04e15a179acab080bd3c69658c9fbefd0e1ccd950a07fc6
  languageName: node
  linkType: hard

"@jridgewell/resolve-uri@npm:^3.0.3":
  version: 3.1.1
  resolution: "@jridgewell/resolve-uri@npm:3.1.1"
  checksum: 10c0/0dbc9e29bc640bbbdc5b9876d2859c69042bfcf1423c1e6421bcca53e826660bff4e41c7d4bcb8dbea696404231a6f902f76ba41835d049e20f2dd6cffb713bf
  languageName: node
  linkType: hard

"@jridgewell/sourcemap-codec@npm:^1.4.10":
  version: 1.4.15
  resolution: "@jridgewell/sourcemap-codec@npm:1.4.15"
  checksum: 10c0/0c6b5ae663087558039052a626d2d7ed5208da36cfd707dcc5cea4a07cfc918248403dcb5989a8f7afaf245ce0573b7cc6fd94c4a30453bd10e44d9363940ba5
  languageName: node
  linkType: hard

"@jridgewell/trace-mapping@npm:0.3.9":
  version: 0.3.9
  resolution: "@jridgewell/trace-mapping@npm:0.3.9"
  dependencies:
    "@jridgewell/resolve-uri": "npm:^3.0.3"
    "@jridgewell/sourcemap-codec": "npm:^1.4.10"
  checksum: 10c0/fa425b606d7c7ee5bfa6a31a7b050dd5814b4082f318e0e4190f991902181b4330f43f4805db1dd4f2433fd0ed9cc7a7b9c2683f1deeab1df1b0a98b1e24055b
  languageName: node
  linkType: hard

"@supabase/functions-js@npm:^2.1.5":
  version: 2.2.0
  resolution: "@supabase/functions-js@npm:2.2.0"
  dependencies:
    "@supabase/node-fetch": "npm:^2.6.14"
  checksum: 10c0/5884c6f0c213f6408834e9425842923685ebdca0ec42e89a0f3086d15ac81c285c790befe19fa01c6a961c39ccc7b7aae7c3608c408a65af785beaeddb2ef387
  languageName: node
  linkType: hard

"@supabase/gotrue-js@npm:^2.60.0":
  version: 2.62.2
  resolution: "@supabase/gotrue-js@npm:2.62.2"
  dependencies:
    "@supabase/node-fetch": "npm:^2.6.14"
  checksum: 10c0/132bf31f00d321466a5e956e4fcd24ad7d2908b65bafa4b10d7e5c77fb0bd39ca643806de879acd71ae83089a7a581300c91f6a3717a1afec8e122c8dfd05e2c
  languageName: node
  linkType: hard

"@supabase/node-fetch@npm:^2.6.14":
  version: 2.6.15
  resolution: "@supabase/node-fetch@npm:2.6.15"
  dependencies:
    whatwg-url: "npm:^5.0.0"
  checksum: 10c0/98d25cab2eba53c93c59e730d52d50065b1a7fe216c65224471e83e2064ebd45ae51ad09cb39ec263c3cb59e3d41870fc2e789ea2e9587480d7ba212b85daf38
  languageName: node
  linkType: hard

"@supabase/postgrest-js@npm:^1.9.0":
  version: 1.9.2
  resolution: "@supabase/postgrest-js@npm:1.9.2"
  dependencies:
    "@supabase/node-fetch": "npm:^2.6.14"
  checksum: 10c0/dab4144b54010f4d332f892d03529b3b5525f3a2bb164bbf254be7e6faaccbd0a6e25732b91808f7ec6987600ddc79508ffcb15a3ef037b646639b04eb969121
  languageName: node
  linkType: hard

"@supabase/realtime-js@npm:^2.9.3":
  version: 2.9.3
  resolution: "@supabase/realtime-js@npm:2.9.3"
  dependencies:
    "@supabase/node-fetch": "npm:^2.6.14"
    "@types/phoenix": "npm:^1.5.4"
    "@types/ws": "npm:^8.5.10"
    ws: "npm:^8.14.2"
  checksum: 10c0/321c98237e3255cad221ed16b54739ce327d395b80faba1416ba81577f043681ae0dde10e0ac1b7e3427412d1dbb35cb4b66d8466c21239932aa3dca6b9cc87c
  languageName: node
  linkType: hard

"@supabase/storage-js@npm:^2.5.4":
  version: 2.5.5
  resolution: "@supabase/storage-js@npm:2.5.5"
  dependencies:
    "@supabase/node-fetch": "npm:^2.6.14"
  checksum: 10c0/5a81f0d21a1094187390d60d6d993b7fbcaef355611b3ec74fe6f333921703d6e7f7e8000c1e729b25fba11b91f6b40ffbff7c64af3b961403b50dc01808cbd1
  languageName: node
  linkType: hard

"@supabase/supabase-js@npm:^2.39.3":
  version: 2.39.3
  resolution: "@supabase/supabase-js@npm:2.39.3"
  dependencies:
    "@supabase/functions-js": "npm:^2.1.5"
    "@supabase/gotrue-js": "npm:^2.60.0"
    "@supabase/node-fetch": "npm:^2.6.14"
    "@supabase/postgrest-js": "npm:^1.9.0"
    "@supabase/realtime-js": "npm:^2.9.3"
    "@supabase/storage-js": "npm:^2.5.4"
  checksum: 10c0/b36f685579ed3fb35e7073105d99937b3e09762df93da9db40fb1c925388cf9b3a20b3e22a1b5e57e65ad0ecf93a602373d63f9aef7c4302f3557b0ffb3c82e3
  languageName: node
  linkType: hard

"@tsconfig/node10@npm:^1.0.7":
  version: 1.0.9
  resolution: "@tsconfig/node10@npm:1.0.9"
  checksum: 10c0/c176a2c1e1b16be120c328300ea910df15fb9a5277010116d26818272341a11483c5a80059389d04edacf6fd2d03d4687ad3660870fdd1cc0b7109e160adb220
  languageName: node
  linkType: hard

"@tsconfig/node12@npm:^1.0.7":
  version: 1.0.11
  resolution: "@tsconfig/node12@npm:1.0.11"
  checksum: 10c0/dddca2b553e2bee1308a056705103fc8304e42bb2d2cbd797b84403a223b25c78f2c683ec3e24a095e82cd435387c877239bffcb15a590ba817cd3f6b9a99fd9
  languageName: node
  linkType: hard

"@tsconfig/node14@npm:^1.0.0":
  version: 1.0.3
  resolution: "@tsconfig/node14@npm:1.0.3"
  checksum: 10c0/67c1316d065fdaa32525bc9449ff82c197c4c19092b9663b23213c8cbbf8d88b6ed6a17898e0cbc2711950fbfaf40388938c1c748a2ee89f7234fc9e7fe2bf44
  languageName: node
  linkType: hard

"@tsconfig/node16@npm:^1.0.2":
  version: 1.0.4
  resolution: "@tsconfig/node16@npm:1.0.4"
  checksum: 10c0/05f8f2734e266fb1839eb1d57290df1664fe2aa3b0fdd685a9035806daa635f7519bf6d5d9b33f6e69dd545b8c46bd6e2b5c79acb2b1f146e885f7f11a42a5bb
  languageName: node
  linkType: hard

"@types/node@npm:*":
  version: 20.11.14
  resolution: "@types/node@npm:20.11.14"
  dependencies:
    undici-types: "npm:~5.26.4"
  checksum: 10c0/81a55ddf68811439e58bdc2e4b8e501c6c6ea3d5351aa6362a36f5829055f58195bc201b0992ffda306fcd848c84b1eca327befb71f12f24e0d356e997e17add
  languageName: node
  linkType: hard

"@types/node@npm:^20.10.5":
  version: 20.17.25
  resolution: "@types/node@npm:20.17.25"
  dependencies:
    undici-types: "npm:~6.19.2"
  checksum: 10c0/9c9267ab1c4c4964a6d59076fa495321bbe69f36c4f4e95664c08f2712f401aa082fd41abfdd20d81df62377ce22f71f6de430af3f475f8a4de807b716480e08
  languageName: node
  linkType: hard

"@types/phoenix@npm:^1.5.4":
  version: 1.6.4
  resolution: "@types/phoenix@npm:1.6.4"
  checksum: 10c0/b2094c2e3065ce02f755bf3c4fde433cd9313bc97a2e34521b98bcc074ff9fd50b5af127b67cb8833c3d8b778d0756d67a25913f368669317fed3bd68cf7e752
  languageName: node
  linkType: hard

"@types/tmi.js@npm:^1.8.6":
  version: 1.8.6
  resolution: "@types/tmi.js@npm:1.8.6"
  checksum: 10c0/f1983835b60b68584cf5373161addc9b7d3f0d45616efb4b6650aff8e8b477751680b74be07318b6b3eaa87908140ea7e0dac4fb952bb875f5a1b0c8e565f9e1
  languageName: node
  linkType: hard

"@types/ws@npm:^8.5.10":
  version: 8.5.10
  resolution: "@types/ws@npm:8.5.10"
  dependencies:
    "@types/node": "npm:*"
  checksum: 10c0/e9af279b984c4a04ab53295a40aa95c3e9685f04888df5c6920860d1dd073fcc57c7bd33578a04b285b2c655a0b52258d34bee0a20569dca8defb8393e1e5d29
  languageName: node
  linkType: hard

"acorn-walk@npm:^8.1.1":
  version: 8.2.0
  resolution: "acorn-walk@npm:8.2.0"
  checksum: 10c0/dbe92f5b2452c93e960c5594e666dd1fae141b965ff2cb4a1e1d0381e3e4db4274c5ce4ffa3d681a86ca2a8d4e29d5efc0670a08e23fd2800051ea387df56ca2
  languageName: node
  linkType: hard

"acorn@npm:^8.4.1":
  version: 8.10.0
  resolution: "acorn@npm:8.10.0"
  bin:
    acorn: bin/acorn
  checksum: 10c0/deaeebfbea6e40f6c0e1070e9b0e16e76ba484de54cbd735914d1d41d19169a450de8630b7a3a0c4e271a3b0c0b075a3427ad1a40d8a69f8747c0e8cb02ee3e2
  languageName: node
  linkType: hard

"arg@npm:^4.1.0":
  version: 4.1.3
  resolution: "arg@npm:4.1.3"
  checksum: 10c0/070ff801a9d236a6caa647507bdcc7034530604844d64408149a26b9e87c2f97650055c0f049abd1efc024b334635c01f29e0b632b371ac3f26130f4cf65997a
  languageName: node
  linkType: hard

"create-require@npm:^1.1.0":
  version: 1.1.1
  resolution: "create-require@npm:1.1.1"
  checksum: 10c0/157cbc59b2430ae9a90034a5f3a1b398b6738bf510f713edc4d4e45e169bc514d3d99dd34d8d01ca7ae7830b5b8b537e46ae8f3c8f932371b0875c0151d7ec91
  languageName: node
  linkType: hard

"diff@npm:^4.0.1":
  version: 4.0.2
  resolution: "diff@npm:4.0.2"
  checksum: 10c0/81b91f9d39c4eaca068eb0c1eb0e4afbdc5bb2941d197f513dd596b820b956fef43485876226d65d497bebc15666aa2aa82c679e84f65d5f2bfbf14ee46e32c1
  languageName: node
  linkType: hard

"dotenv@npm:^16.3.1":
  version: 16.3.1
  resolution: "dotenv@npm:16.3.1"
  checksum: 10c0/b95ff1bbe624ead85a3cd70dbd827e8e06d5f05f716f2d0cbc476532d54c7c9469c3bc4dd93ea519f6ad711cb522c00ac9a62b6eb340d5affae8008facc3fbd7
  languageName: node
  linkType: hard

"ens_bot@workspace:.":
  version: 0.0.0-use.local
  resolution: "ens_bot@workspace:."
  dependencies:
    "@supabase/supabase-js": "npm:^2.39.3"
    "@types/node": "npm:^20.10.5"
    "@types/tmi.js": "npm:^1.8.6"
    dotenv: "npm:^16.3.1"
    tmi.js: "npm:^1.8.5"
    ts-node: "npm:^10.9.2"
    typescript: "npm:^5.3.3"
  languageName: unknown
  linkType: soft

"make-error@npm:^1.1.1":
  version: 1.3.6
  resolution: "make-error@npm:1.3.6"
  checksum: 10c0/171e458d86854c6b3fc46610cfacf0b45149ba043782558c6875d9f42f222124384ad0b468c92e996d815a8a2003817a710c0a160e49c1c394626f76fa45396f
  languageName: node
  linkType: hard

"node-fetch@npm:^2.6.1":
  version: 2.7.0
  resolution: "node-fetch@npm:2.7.0"
  dependencies:
    whatwg-url: "npm:^5.0.0"
  peerDependencies:
    encoding: ^0.1.0
  peerDependenciesMeta:
    encoding:
      optional: true
  checksum: 10c0/b55786b6028208e6fbe594ccccc213cab67a72899c9234eb59dba51062a299ea853210fcf526998eaa2867b0963ad72338824450905679ff0fa304b8c5093ae8
  languageName: node
  linkType: hard

"tmi.js@npm:^1.8.5":
  version: 1.8.5
  resolution: "tmi.js@npm:1.8.5"
  dependencies:
    node-fetch: "npm:^2.6.1"
    ws: "npm:^8.2.0"
  checksum: 10c0/a9fe7be5805c44ec1ba6dab0640c935b0ab6a8340b5a9cf9a9ce3731debd525dcbe0952f205f898c6fa94821492d58b26155a82b7854f18bfb1b3239b96f6d2f
  languageName: node
  linkType: hard

"tr46@npm:~0.0.3":
  version: 0.0.3
  resolution: "tr46@npm:0.0.3"
  checksum: 10c0/047cb209a6b60c742f05c9d3ace8fa510bff609995c129a37ace03476a9b12db4dbf975e74600830ef0796e18882b2381fb5fb1f6b4f96b832c374de3ab91a11
  languageName: node
  linkType: hard

"ts-node@npm:^10.9.2":
  version: 10.9.2
  resolution: "ts-node@npm:10.9.2"
  dependencies:
    "@cspotcode/source-map-support": "npm:^0.8.0"
    "@tsconfig/node10": "npm:^1.0.7"
    "@tsconfig/node12": "npm:^1.0.7"
    "@tsconfig/node14": "npm:^1.0.0"
    "@tsconfig/node16": "npm:^1.0.2"
    acorn: "npm:^8.4.1"
    acorn-walk: "npm:^8.1.1"
    arg: "npm:^4.1.0"
    create-require: "npm:^1.1.0"
    diff: "npm:^4.0.1"
    make-error: "npm:^1.1.1"
    v8-compile-cache-lib: "npm:^3.0.1"
    yn: "npm:3.1.1"
  peerDependencies:
    "@swc/core": ">=1.2.50"
    "@swc/wasm": ">=1.2.50"
    "@types/node": "*"
    typescript: ">=2.7"
  peerDependenciesMeta:
    "@swc/core":
      optional: true
    "@swc/wasm":
      optional: true
  bin:
    ts-node: dist/bin.js
    ts-node-cwd: dist/bin-cwd.js
    ts-node-esm: dist/bin-esm.js
    ts-node-script: dist/bin-script.js
    ts-node-transpile-only: dist/bin-transpile.js
    ts-script: dist/bin-script-deprecated.js
  checksum: 10c0/5f29938489f96982a25ba650b64218e83a3357d76f7bede80195c65ab44ad279c8357264639b7abdd5d7e75fc269a83daa0e9c62fd8637a3def67254ecc9ddc2
  languageName: node
  linkType: hard

"typescript@npm:^5.3.3":
  version: 5.8.2
  resolution: "typescript@npm:5.8.2"
  bin:
    tsc: bin/tsc
    tsserver: bin/tsserver
  checksum: 10c0/5c4f6fbf1c6389b6928fe7b8fcd5dc73bb2d58cd4e3883f1d774ed5bd83b151cbac6b7ecf11723de56d4676daeba8713894b1e9af56174f2f9780ae7848ec3c6
  languageName: node
  linkType: hard

"typescript@patch:typescript@npm%3A^5.3.3#optional!builtin<compat/typescript>":
  version: 5.8.2
  resolution: "typescript@patch:typescript@npm%3A5.8.2#optional!builtin<compat/typescript>::version=5.8.2&hash=5786d5"
  bin:
    tsc: bin/tsc
    tsserver: bin/tsserver
  checksum: 10c0/5448a08e595cc558ab321e49d4cac64fb43d1fa106584f6ff9a8d8e592111b373a995a1d5c7f3046211c8a37201eb6d0f1566f15cdb7a62a5e3be01d087848e2
  languageName: node
  linkType: hard

"undici-types@npm:~5.26.4":
  version: 5.26.5
  resolution: "undici-types@npm:5.26.5"
  checksum: 10c0/bb673d7876c2d411b6eb6c560e0c571eef4a01c1c19925175d16e3a30c4c428181fb8d7ae802a261f283e4166a0ac435e2f505743aa9e45d893f9a3df017b501
  languageName: node
  linkType: hard

"undici-types@npm:~6.19.2":
  version: 6.19.8
  resolution: "undici-types@npm:6.19.8"
  checksum: 10c0/078afa5990fba110f6824823ace86073b4638f1d5112ee26e790155f481f2a868cc3e0615505b6f4282bdf74a3d8caad715fd809e870c2bb0704e3ea6082f344
  languageName: node
  linkType: hard

"v8-compile-cache-lib@npm:^3.0.1":
  version: 3.0.1
  resolution: "v8-compile-cache-lib@npm:3.0.1"
  checksum: 10c0/bdc36fb8095d3b41df197f5fb6f11e3a26adf4059df3213e3baa93810d8f0cc76f9a74aaefc18b73e91fe7e19154ed6f134eda6fded2e0f1c8d2272ed2d2d391
  languageName: node
  linkType: hard

"webidl-conversions@npm:^3.0.0":
  version: 3.0.1
  resolution: "webidl-conversions@npm:3.0.1"
  checksum: 10c0/5612d5f3e54760a797052eb4927f0ddc01383550f542ccd33d5238cfd65aeed392a45ad38364970d0a0f4fea32e1f4d231b3d8dac4a3bdd385e5cf802ae097db
  languageName: node
  linkType: hard

"whatwg-url@npm:^5.0.0":
  version: 5.0.0
  resolution: "whatwg-url@npm:5.0.0"
  dependencies:
    tr46: "npm:~0.0.3"
    webidl-conversions: "npm:^3.0.0"
  checksum: 10c0/1588bed84d10b72d5eec1d0faa0722ba1962f1821e7539c535558fb5398d223b0c50d8acab950b8c488b4ba69043fd833cc2697056b167d8ad46fac3995a55d5
  languageName: node
  linkType: hard

"ws@npm:^8.14.2":
  version: 8.16.0
  resolution: "ws@npm:8.16.0"
  peerDependencies:
    bufferutil: ^4.0.1
    utf-8-validate: ">=5.0.2"
  peerDependenciesMeta:
    bufferutil:
      optional: true
    utf-8-validate:
      optional: true
  checksum: 10c0/a7783bb421c648b1e622b423409cb2a58ac5839521d2f689e84bc9dc41d59379c692dd405b15a997ea1d4c0c2e5314ad707332d0c558f15232d2bc07c0b4618a
  languageName: node
  linkType: hard

"ws@npm:^8.2.0":
  version: 8.13.0
  resolution: "ws@npm:8.13.0"
  peerDependencies:
    bufferutil: ^4.0.1
    utf-8-validate: ">=5.0.2"
  peerDependenciesMeta:
    bufferutil:
      optional: true
    utf-8-validate:
      optional: true
  checksum: 10c0/579817dbbab3ee46669129c220cfd81ba6cdb9ab5c3e9a105702dd045743c4ab72e33bb384573827c0c481213417cc880e41bc097e0fc541a0b79fa3eb38207d
  languageName: node
  linkType: hard

"yn@npm:3.1.1":
  version: 3.1.1
  resolution: "yn@npm:3.1.1"
  checksum: 10c0/0732468dd7622ed8a274f640f191f3eaf1f39d5349a1b72836df484998d7d9807fbea094e2f5486d6b0cd2414aad5775972df0e68f8604db89a239f0f4bf7443
  languageName: node
  linkType: hard
